
Microsoft Visual Studio Solution File, Format Version 12.00
# Visual Studio Version 17
VisualStudioVersion = 17.5.33424.131
MinimumVisualStudioVersion = 10.0.40219.1
Project("{8BC9CEB8-8B4A-11D0-8D11-00A0C91BC942}") = "Windows_API_복습1", "Windows_API_복습1\Windows_API_복습1.vcxproj", "{97BA04AB-1CCC-4AF6-91F5-C7FBB6EB0A09}"
EndProject
Global
	GlobalSection(SolutionConfigurationPlatforms) = preSolution
		Debug|x64 = Debug|x64
		Debug|x86 = Debug|x86
		Release|x64 = Release|x64
		Release|x86 = Release|x86
	EndGlobalSection
	GlobalSection(ProjectConfigurationPlatforms) = postSolution
		{97BA04AB-1CCC-4AF6-91F5-C7FBB6EB0A09}.Debug|x64.ActiveCfg = Debug|x64
		{97BA04AB-1CCC-4AF6-91F5-C7FBB6EB0A09}.Debug|x64.Build.0 = Debug|x64
		{97BA04AB-1CCC-4AF6-91F5-C7FBB6EB0A09}.Debug|x86.ActiveCfg = Debug|Win32
		{97BA04AB-1CCC-4AF6-91F5-C7FBB6EB0A09}.Debug|x86.Build.0 = Debug|Win32
		{97BA04AB-1CCC-4AF6-91F5-C7FBB6EB0A09}.Release|x64.ActiveCfg = Release|x64
		{97BA04AB-1CCC-4AF6-91F5-C7FBB6EB0A09}.Release|x64.Build.0 = Release|x64
		{97BA04AB-1CCC-4AF6-91F5-C7FBB6EB0A09}.Release|x86.ActiveCfg = Release|Win32
		{97BA04AB-1CCC-4AF6-91F5-C7FBB6EB0A09}.Release|x86.Build.0 = Release|Win32
	EndGlobalSection
	GlobalSection(SolutionProperties) = preSolution
		HideSolutionNode = FALSE
	EndGlobalSection
	GlobalSection(ExtensibilityGlobals) = postSolution
		SolutionGuid = {45C00AE7-0FDB-41E2-B946-A4D5A1052781}
	EndGlobalSection
EndGlobal
