<?xml version="1.0" encoding="utf-8"?>
<Project ToolsVersion="4.0" xmlns="http://schemas.microsoft.com/developer/msbuild/2003">
  <ItemGroup>
    <Filter Include="소스 파일">
      <UniqueIdentifier>{4FC737F1-C7A5-4376-A066-2A32D752A2FF}</UniqueIdentifier>
      <Extensions>cpp;c;cc;cxx;c++;cppm;ixx;def;odl;idl;hpj;bat;asm;asmx</Extensions>
    </Filter>
    <Filter Include="리소스 파일">
      <UniqueIdentifier>{67DA6AB6-F800-4c08-8B7A-83BB121AAD01}</UniqueIdentifier>
      <Extensions>rc;ico;cur;bmp;dlg;rc2;rct;bin;rgs;gif;jpg;jpeg;jpe;resx;tiff;tif;png;wav;mfcribbon-ms</Extensions>
    </Filter>
    <Filter Include="소스 파일\00. MainGame">
      <UniqueIdentifier>{ad2aa282-2bdc-4d2e-b521-0d1d18b78b1c}</UniqueIdentifier>
    </Filter>
    <Filter Include="소스 파일\01. Manager">
      <UniqueIdentifier>{e90abd79-d843-43f3-ad92-7c7af36e536c}</UniqueIdentifier>
    </Filter>
    <Filter Include="소스 파일\02. Scene">
      <UniqueIdentifier>{3e62531e-79cd-41b2-8074-dd6e215a76b1}</UniqueIdentifier>
    </Filter>
    <Filter Include="소스 파일\03. Objects">
      <UniqueIdentifier>{0a24d9c7-5763-4202-9732-0af4dafed5e0}</UniqueIdentifier>
    </Filter>
    <Filter Include="소스 파일\04. Objects">
      <UniqueIdentifier>{d9051526-e263-4290-a336-1dbd099c9d15}</UniqueIdentifier>
    </Filter>
    <Filter Include="소스 파일\99. Headers">
      <UniqueIdentifier>{35bbedee-1794-4416-8e48-c327d037daf5}</UniqueIdentifier>
    </Filter>
    <Filter Include="소스 파일\99. Headers\Others">
      <UniqueIdentifier>{f5074365-92a6-439d-96b8-2990058db683}</UniqueIdentifier>
    </Filter>
    <Filter Include="소스 파일\02. Scene\Game">
      <UniqueIdentifier>{284313fb-c4b0-4298-9db3-c0e05829a42e}</UniqueIdentifier>
    </Filter>
    <Filter Include="소스 파일\03. Objects\Game">
      <UniqueIdentifier>{b2b48702-7557-406b-b982-d174406e82af}</UniqueIdentifier>
    </Filter>
  </ItemGroup>
  <ItemGroup>
    <ResourceCompile Include="Windows_API_복습2.rc">
      <Filter>리소스 파일</Filter>
    </ResourceCompile>
  </ItemGroup>
  <ItemGroup>
    <Image Include="small.ico">
      <Filter>리소스 파일</Filter>
    </Image>
    <Image Include="Windows_API_복습2.ico">
      <Filter>리소스 파일</Filter>
    </Image>
  </ItemGroup>
  <ItemGroup>
    <ClInclude Include="..\..\..\Windows_API_복습\Windows_API_복습\Defines.h">
      <Filter>소스 파일\99. Headers</Filter>
    </ClInclude>
    <ClInclude Include="..\..\..\Windows_API_복습\Windows_API_복습\Enums.h">
      <Filter>소스 파일\99. Headers</Filter>
    </ClInclude>
    <ClInclude Include="..\..\..\Windows_API_복습\Windows_API_복습\pch.h">
      <Filter>소스 파일\99. Headers</Filter>
    </ClInclude>
    <ClInclude Include="..\..\..\Windows_API_복습\Windows_API_복습\Types.h">
      <Filter>소스 파일\99. Headers</Filter>
    </ClInclude>
    <ClInclude Include="..\..\..\Windows_API_복습\Windows_API_복습\TimeManager.h">
      <Filter>소스 파일\01. Manager</Filter>
    </ClInclude>
    <ClInclude Include="..\..\..\Windows_API_복습\Windows_API_복습\InputManager.h">
      <Filter>소스 파일\01. Manager</Filter>
    </ClInclude>
    <ClInclude Include="..\..\..\Windows_API_복습\Windows_API_복습\Game.h">
      <Filter>소스 파일\00. MainGame</Filter>
    </ClInclude>
    <ClInclude Include="..\..\..\Windows_API_복습\Windows_API_복습\Windows_API_복습.h">
      <Filter>소스 파일\00. MainGame</Filter>
    </ClInclude>
    <ClInclude Include="..\..\..\Windows_API_복습\Windows_API_복습\framework.h">
      <Filter>소스 파일\99. Headers\Others</Filter>
    </ClInclude>
    <ClInclude Include="..\..\..\Windows_API_복습\Windows_API_복습\targetver.h">
      <Filter>소스 파일\99. Headers\Others</Filter>
    </ClInclude>
    <ClInclude Include="..\..\..\Windows_API_복습\Windows_API_복습\Resource.h">
      <Filter>소스 파일\99. Headers\Others</Filter>
    </ClInclude>
    <ClInclude Include="SceneManager.h">
      <Filter>소스 파일\01. Manager</Filter>
    </ClInclude>
    <ClInclude Include="ResourceManager.h">
      <Filter>소스 파일\01. Manager</Filter>
    </ClInclude>
    <ClInclude Include="Scene.h">
      <Filter>소스 파일\02. Scene</Filter>
    </ClInclude>
    <ClInclude Include="GameScene.h">
      <Filter>소스 파일\02. Scene\Game</Filter>
    </ClInclude>
    <ClInclude Include="EditScene.h">
      <Filter>소스 파일\02. Scene\Game</Filter>
    </ClInclude>
    <ClInclude Include="DevScene.h">
      <Filter>소스 파일\02. Scene\Game</Filter>
    </ClInclude>
    <ClInclude Include="Object.h">
      <Filter>소스 파일\03. Objects</Filter>
    </ClInclude>
    <ClInclude Include="Player.h">
      <Filter>소스 파일\03. Objects\Game</Filter>
    </ClInclude>
    <ClInclude Include="Monster.h">
      <Filter>소스 파일\03. Objects\Game</Filter>
    </ClInclude>
    <ClInclude Include="ObjectManager.h">
      <Filter>소스 파일\01. Manager</Filter>
    </ClInclude>
  </ItemGroup>
  <ItemGroup>
    <ClCompile Include="..\..\..\Windows_API_복습\Windows_API_복습\pch.cpp">
      <Filter>소스 파일\99. Headers</Filter>
    </ClCompile>
    <ClCompile Include="..\..\..\Windows_API_복습\Windows_API_복습\TimeManager.cpp">
      <Filter>소스 파일\01. Manager</Filter>
    </ClCompile>
    <ClCompile Include="..\..\..\Windows_API_복습\Windows_API_복습\InputManager.cpp">
      <Filter>소스 파일\01. Manager</Filter>
    </ClCompile>
    <ClCompile Include="..\..\..\Windows_API_복습\Windows_API_복습\Game.cpp">
      <Filter>소스 파일\00. MainGame</Filter>
    </ClCompile>
    <ClCompile Include="..\..\..\Windows_API_복습\Windows_API_복습\Windows_API_복습.cpp">
      <Filter>소스 파일\00. MainGame</Filter>
    </ClCompile>
    <ClCompile Include="SceneManager.cpp">
      <Filter>소스 파일\01. Manager</Filter>
    </ClCompile>
    <ClCompile Include="ResourceManager.cpp">
      <Filter>소스 파일\01. Manager</Filter>
    </ClCompile>
    <ClCompile Include="Scene.cpp">
      <Filter>소스 파일\02. Scene</Filter>
    </ClCompile>
    <ClCompile Include="GameScene.cpp">
      <Filter>소스 파일\02. Scene\Game</Filter>
    </ClCompile>
    <ClCompile Include="EditScene.cpp">
      <Filter>소스 파일\02. Scene\Game</Filter>
    </ClCompile>
    <ClCompile Include="DevScene.cpp">
      <Filter>소스 파일\02. Scene\Game</Filter>
    </ClCompile>
    <ClCompile Include="Object.cpp">
      <Filter>소스 파일\03. Objects</Filter>
    </ClCompile>
    <ClCompile Include="Player.cpp">
      <Filter>소스 파일\03. Objects\Game</Filter>
    </ClCompile>
    <ClCompile Include="Monster.cpp">
      <Filter>소스 파일\03. Objects\Game</Filter>
    </ClCompile>
    <ClCompile Include="ObjectManager.cpp">
      <Filter>소스 파일\01. Manager</Filter>
    </ClCompile>
  </ItemGroup>
</Project>